
Microsoft Visual Studio Solution File, Format Version 12.00
# Visual Studio Version 17
VisualStudioVersion = 17.11.35431.28
MinimumVisualStudioVersion = 10.0.40219.1
Project("{9A19103F-16F7-4668-BE54-9A1E7A4F7556}") = "AiExtension", "AiExtension.csproj", "{D3890D10-FA0C-4542-9F9D-7BCC54ECA29D}"
EndProject
Global
	GlobalSection(SolutionConfigurationPlatforms) = preSolution
		Debug|Any CPU = Debug|Any CPU
		Release|Any CPU = Release|Any CPU
	EndGlobalSection
	GlobalSection(ProjectConfigurationPlatforms) = postSolution
		{D3890D10-FA0C-4542-9F9D-7BCC54ECA29D}.Debug|Any CPU.ActiveCfg = Debug|Any CPU
		{D3890D10-FA0C-4542-9F9D-7BCC54ECA29D}.Debug|Any CPU.Build.0 = Debug|Any CPU
		{D3890D10-FA0C-4542-9F9D-7BCC54ECA29D}.Release|Any CPU.ActiveCfg = Release|Any CPU
		{D3890D10-FA0C-4542-9F9D-7BCC54ECA29D}.Release|Any CPU.Build.0 = Release|Any CPU
	EndGlobalSection
	GlobalSection(SolutionProperties) = preSolution
		HideSolutionNode = FALSE
	EndGlobalSection
	GlobalSection(ExtensibilityGlobals) = postSolution
		SolutionGuid = {90513094-C8E8-4369-B9B1-630B29B60353}
	EndGlobalSection
EndGlobal
